// !$*UTF8*$!
{
	archiveVersion = 1;
	classes = {
	};
	objectVersion = 50;
	objects = {

/* Begin PBXBuildFile section */
		D70F81312673DAA300EAB39A /* KeyboardAdaptive.swift in Sources */ = {isa = PBXBuildFile; fileRef = D70F81302673DAA300EAB39A /* KeyboardAdaptive.swift */; };
		D74821CA2663E8C0008710DC /* logostretchApp.swift in Sources */ = {isa = PBXBuildFile; fileRef = D74821C92663E8C0008710DC /* logostretchApp.swift */; };
		D74821CC2663E8C0008710DC /* MainView.swift in Sources */ = {isa = PBXBuildFile; fileRef = D74821CB2663E8C0008710DC /* MainView.swift */; };
		D74821CE2663E8C1008710DC /* Assets.xcassets in Resources */ = {isa = PBXBuildFile; fileRef = D74821CD2663E8C1008710DC /* Assets.xcassets */; };
		D74821D12663E8C1008710DC /* Preview Assets.xcassets in Resources */ = {isa = PBXBuildFile; fileRef = D74821D02663E8C1008710DC /* Preview Assets.xcassets */; };
		D74821D926640C8D008710DC /* Color+ex.swift in Sources */ = {isa = PBXBuildFile; fileRef = D74821D826640C8D008710DC /* Color+ex.swift */; };
		D75E801F2699E93A007DA045 /* MedalsView.swift in Sources */ = {isa = PBXBuildFile; fileRef = D75E801E2699E93A007DA045 /* MedalsView.swift */; };
		D774529B2664B6B9002FA097 /* xRoundedRect.swift in Sources */ = {isa = PBXBuildFile; fileRef = D774529A2664B6B9002FA097 /* xRoundedRect.swift */; };
		D774529D2664B6D5002FA097 /* Modifiers.swift in Sources */ = {isa = PBXBuildFile; fileRef = D774529C2664B6D5002FA097 /* Modifiers.swift */; };
		D77B932626946559001D2945 /* MainDO.swift in Sources */ = {isa = PBXBuildFile; fileRef = D77B932526946559001D2945 /* MainDO.swift */; };
		D77B932C2694F8B7001D2945 /* logostretch.xcdatamodeld in Sources */ = {isa = PBXBuildFile; fileRef = D77B932A2694F8B7001D2945 /* logostretch.xcdatamodeld */; };
		D77B932E26950A42001D2945 /* LogoData.swift in Sources */ = {isa = PBXBuildFile; fileRef = D77B932D26950A42001D2945 /* LogoData.swift */; };
		D77D715E2691BE06008BA8AD /* MainOO.swift in Sources */ = {isa = PBXBuildFile; fileRef = D77D715D2691BE06008BA8AD /* MainOO.swift */; };
		D77D716426924BCA008BA8AD /* ProgressView.swift in Sources */ = {isa = PBXBuildFile; fileRef = D77D716326924BCA008BA8AD /* ProgressView.swift */; };
		D77D716726925357008BA8AD /* LogoView.swift in Sources */ = {isa = PBXBuildFile; fileRef = D77D716626925357008BA8AD /* LogoView.swift */; };
		D77D716926925871008BA8AD /* TextFieldGuesser.swift in Sources */ = {isa = PBXBuildFile; fileRef = D77D716826925871008BA8AD /* TextFieldGuesser.swift */; };
		D784CF16269DCCA600621D18 /* StorageKeys.swift in Sources */ = {isa = PBXBuildFile; fileRef = D784CF15269DCCA600621D18 /* StorageKeys.swift */; };
		D784CF18269E104200621D18 /* Medal.swift in Sources */ = {isa = PBXBuildFile; fileRef = D784CF17269E104200621D18 /* Medal.swift */; };
		D784CF1A269E396F00621D18 /* testView.swift in Sources */ = {isa = PBXBuildFile; fileRef = D784CF19269E396F00621D18 /* testView.swift */; };
		D7D03420268A4FA20042CD42 /* AdSupport.framework in Frameworks */ = {isa = PBXBuildFile; fileRef = D7D0341F268A4FA20042CD42 /* AdSupport.framework */; };
		D7D03422268A4FAF0042CD42 /* AppTrackingTransparency.framework in Frameworks */ = {isa = PBXBuildFile; fileRef = D7D03421268A4FAF0042CD42 /* AppTrackingTransparency.framework */; };
		D7D03424268A4FB50042CD42 /* AudioToolbox.framework in Frameworks */ = {isa = PBXBuildFile; fileRef = D7D03423268A4FB50042CD42 /* AudioToolbox.framework */; };
		D7D03426268A4FBA0042CD42 /* AVFoundation.framework in Frameworks */ = {isa = PBXBuildFile; fileRef = D7D03425268A4FBA0042CD42 /* AVFoundation.framework */; };
		D7D03428268A4FC10042CD42 /* CoreGraphics.framework in Frameworks */ = {isa = PBXBuildFile; fileRef = D7D03427268A4FC10042CD42 /* CoreGraphics.framework */; };
		D7D0342A268A4FC60042CD42 /* CoreMedia.framework in Frameworks */ = {isa = PBXBuildFile; fileRef = D7D03429268A4FC60042CD42 /* CoreMedia.framework */; };
		D7D0342C268A4FCB0042CD42 /* CoreMotion.framework in Frameworks */ = {isa = PBXBuildFile; fileRef = D7D0342B268A4FCB0042CD42 /* CoreMotion.framework */; };
		D7D0342E268A4FD00042CD42 /* CoreTelephony.framework in Frameworks */ = {isa = PBXBuildFile; fileRef = D7D0342D268A4FD00042CD42 /* CoreTelephony.framework */; };
		D7D03430268A4FD70042CD42 /* Foundation.framework in Frameworks */ = {isa = PBXBuildFile; fileRef = D7D0342F268A4FD70042CD42 /* Foundation.framework */; };
		D7D03432268A4FDD0042CD42 /* MessageUI.framework in Frameworks */ = {isa = PBXBuildFile; fileRef = D7D03431268A4FDD0042CD42 /* MessageUI.framework */; };
		D7D03434268A4FE40042CD42 /* libz.tbd in Frameworks */ = {isa = PBXBuildFile; fileRef = D7D03433268A4FE40042CD42 /* libz.tbd */; };
		D7D03436268A4FEA0042CD42 /* SafariServices.framework in Frameworks */ = {isa = PBXBuildFile; fileRef = D7D03435268A4FEA0042CD42 /* SafariServices.framework */; };
		D7D03438268A4FF00042CD42 /* StoreKit.framework in Frameworks */ = {isa = PBXBuildFile; fileRef = D7D03437268A4FF00042CD42 /* StoreKit.framework */; };
		D7D0343A268A4FF60042CD42 /* SystemConfiguration.framework in Frameworks */ = {isa = PBXBuildFile; fileRef = D7D03439268A4FF60042CD42 /* SystemConfiguration.framework */; };
		D7D0343C268A4FFA0042CD42 /* UIKit.framework in Frameworks */ = {isa = PBXBuildFile; fileRef = D7D0343B268A4FFA0042CD42 /* UIKit.framework */; };
		D7D0343E268A4FFE0042CD42 /* WebKit.framework in Frameworks */ = {isa = PBXBuildFile; fileRef = D7D0343D268A4FFE0042CD42 /* WebKit.framework */; };
		D7EF59A0266CC29400288BA4 /* xRoundedButton.swift in Sources */ = {isa = PBXBuildFile; fileRef = D7EF599F266CC29400288BA4 /* xRoundedButton.swift */; };
		D7EF59A2266CDDB900288BA4 /* Fonts+ex.swift in Sources */ = {isa = PBXBuildFile; fileRef = D7EF59A1266CDDB900288BA4 /* Fonts+ex.swift */; };
/* End PBXBuildFile section */

/* Begin PBXFileReference section */
		D70F81302673DAA300EAB39A /* KeyboardAdaptive.swift */ = {isa = PBXFileReference; lastKnownFileType = sourcecode.swift; path = KeyboardAdaptive.swift; sourceTree = "<group>"; };
		D74821C62663E8C0008710DC /* logostretch.app */ = {isa = PBXFileReference; explicitFileType = wrapper.application; includeInIndex = 0; path = logostretch.app; sourceTree = BUILT_PRODUCTS_DIR; };
		D74821C92663E8C0008710DC /* logostretchApp.swift */ = {isa = PBXFileReference; lastKnownFileType = sourcecode.swift; path = logostretchApp.swift; sourceTree = "<group>"; };
		D74821CB2663E8C0008710DC /* MainView.swift */ = {isa = PBXFileReference; lastKnownFileType = sourcecode.swift; path = MainView.swift; sourceTree = "<group>"; };
		D74821CD2663E8C1008710DC /* Assets.xcassets */ = {isa = PBXFileReference; lastKnownFileType = folder.assetcatalog; path = Assets.xcassets; sourceTree = "<group>"; };
		D74821D02663E8C1008710DC /* Preview Assets.xcassets */ = {isa = PBXFileReference; lastKnownFileType = folder.assetcatalog; path = "Preview Assets.xcassets"; sourceTree = "<group>"; };
		D74821D22663E8C1008710DC /* Info.plist */ = {isa = PBXFileReference; lastKnownFileType = text.plist.xml; path = Info.plist; sourceTree = "<group>"; };
		D74821D826640C8D008710DC /* Color+ex.swift */ = {isa = PBXFileReference; lastKnownFileType = sourcecode.swift; path = "Color+ex.swift"; sourceTree = "<group>"; };
		D75E801E2699E93A007DA045 /* MedalsView.swift */ = {isa = PBXFileReference; lastKnownFileType = sourcecode.swift; path = MedalsView.swift; sourceTree = "<group>"; };
		D774529A2664B6B9002FA097 /* xRoundedRect.swift */ = {isa = PBXFileReference; lastKnownFileType = sourcecode.swift; path = xRoundedRect.swift; sourceTree = "<group>"; };
		D774529C2664B6D5002FA097 /* Modifiers.swift */ = {isa = PBXFileReference; lastKnownFileType = sourcecode.swift; path = Modifiers.swift; sourceTree = "<group>"; };
		D77B932526946559001D2945 /* MainDO.swift */ = {isa = PBXFileReference; lastKnownFileType = sourcecode.swift; path = MainDO.swift; sourceTree = "<group>"; };
		D77B932B2694F8B7001D2945 /* logostretch.xcdatamodel */ = {isa = PBXFileReference; lastKnownFileType = wrapper.xcdatamodel; path = logostretch.xcdatamodel; sourceTree = "<group>"; };
		D77B932D26950A42001D2945 /* LogoData.swift */ = {isa = PBXFileReference; lastKnownFileType = sourcecode.swift; path = LogoData.swift; sourceTree = "<group>"; };
		D77D715D2691BE06008BA8AD /* MainOO.swift */ = {isa = PBXFileReference; lastKnownFileType = sourcecode.swift; path = MainOO.swift; sourceTree = "<group>"; };
		D77D716326924BCA008BA8AD /* ProgressView.swift */ = {isa = PBXFileReference; lastKnownFileType = sourcecode.swift; path = ProgressView.swift; sourceTree = "<group>"; };
		D77D716626925357008BA8AD /* LogoView.swift */ = {isa = PBXFileReference; lastKnownFileType = sourcecode.swift; path = LogoView.swift; sourceTree = "<group>"; };
		D77D716826925871008BA8AD /* TextFieldGuesser.swift */ = {isa = PBXFileReference; lastKnownFileType = sourcecode.swift; path = TextFieldGuesser.swift; sourceTree = "<group>"; };
		D784CF15269DCCA600621D18 /* StorageKeys.swift */ = {isa = PBXFileReference; lastKnownFileType = sourcecode.swift; path = StorageKeys.swift; sourceTree = "<group>"; };
		D784CF17269E104200621D18 /* Medal.swift */ = {isa = PBXFileReference; lastKnownFileType = sourcecode.swift; path = Medal.swift; sourceTree = "<group>"; };
		D784CF19269E396F00621D18 /* testView.swift */ = {isa = PBXFileReference; lastKnownFileType = sourcecode.swift; path = testView.swift; sourceTree = "<group>"; };
		D7D0341F268A4FA20042CD42 /* AdSupport.framework */ = {isa = PBXFileReference; lastKnownFileType = wrapper.framework; name = AdSupport.framework; path = System/Library/Frameworks/AdSupport.framework; sourceTree = SDKROOT; };
		D7D03421268A4FAF0042CD42 /* AppTrackingTransparency.framework */ = {isa = PBXFileReference; lastKnownFileType = wrapper.framework; name = AppTrackingTransparency.framework; path = System/Library/Frameworks/AppTrackingTransparency.framework; sourceTree = SDKROOT; };
		D7D03423268A4FB50042CD42 /* AudioToolbox.framework */ = {isa = PBXFileReference; lastKnownFileType = wrapper.framework; name = AudioToolbox.framework; path = System/Library/Frameworks/AudioToolbox.framework; sourceTree = SDKROOT; };
		D7D03425268A4FBA0042CD42 /* AVFoundation.framework */ = {isa = PBXFileReference; lastKnownFileType = wrapper.framework; name = AVFoundation.framework; path = System/Library/Frameworks/AVFoundation.framework; sourceTree = SDKROOT; };
		D7D03427268A4FC10042CD42 /* CoreGraphics.framework */ = {isa = PBXFileReference; lastKnownFileType = wrapper.framework; name = CoreGraphics.framework; path = System/Library/Frameworks/CoreGraphics.framework; sourceTree = SDKROOT; };
		D7D03429268A4FC60042CD42 /* CoreMedia.framework */ = {isa = PBXFileReference; lastKnownFileType = wrapper.framework; name = CoreMedia.framework; path = System/Library/Frameworks/CoreMedia.framework; sourceTree = SDKROOT; };
		D7D0342B268A4FCB0042CD42 /* CoreMotion.framework */ = {isa = PBXFileReference; lastKnownFileType = wrapper.framework; name = CoreMotion.framework; path = System/Library/Frameworks/CoreMotion.framework; sourceTree = SDKROOT; };
		D7D0342D268A4FD00042CD42 /* CoreTelephony.framework */ = {isa = PBXFileReference; lastKnownFileType = wrapper.framework; name = CoreTelephony.framework; path = System/Library/Frameworks/CoreTelephony.framework; sourceTree = SDKROOT; };
		D7D0342F268A4FD70042CD42 /* Foundation.framework */ = {isa = PBXFileReference; lastKnownFileType = wrapper.framework; name = Foundation.framework; path = System/Library/Frameworks/Foundation.framework; sourceTree = SDKROOT; };
		D7D03431268A4FDD0042CD42 /* MessageUI.framework */ = {isa = PBXFileReference; lastKnownFileType = wrapper.framework; name = MessageUI.framework; path = System/Library/Frameworks/MessageUI.framework; sourceTree = SDKROOT; };
		D7D03433268A4FE40042CD42 /* libz.tbd */ = {isa = PBXFileReference; lastKnownFileType = "sourcecode.text-based-dylib-definition"; name = libz.tbd; path = usr/lib/libz.tbd; sourceTree = SDKROOT; };
		D7D03435268A4FEA0042CD42 /* SafariServices.framework */ = {isa = PBXFileReference; lastKnownFileType = wrapper.framework; name = SafariServices.framework; path = System/Library/Frameworks/SafariServices.framework; sourceTree = SDKROOT; };
		D7D03437268A4FF00042CD42 /* StoreKit.framework */ = {isa = PBXFileReference; lastKnownFileType = wrapper.framework; name = StoreKit.framework; path = System/Library/Frameworks/StoreKit.framework; sourceTree = SDKROOT; };
		D7D03439268A4FF60042CD42 /* SystemConfiguration.framework */ = {isa = PBXFileReference; lastKnownFileType = wrapper.framework; name = SystemConfiguration.framework; path = System/Library/Frameworks/SystemConfiguration.framework; sourceTree = SDKROOT; };
		D7D0343B268A4FFA0042CD42 /* UIKit.framework */ = {isa = PBXFileReference; lastKnownFileType = wrapper.framework; name = UIKit.framework; path = System/Library/Frameworks/UIKit.framework; sourceTree = SDKROOT; };
		D7D0343D268A4FFE0042CD42 /* WebKit.framework */ = {isa = PBXFileReference; lastKnownFileType = wrapper.framework; name = WebKit.framework; path = System/Library/Frameworks/WebKit.framework; sourceTree = SDKROOT; };
		D7EF599F266CC29400288BA4 /* xRoundedButton.swift */ = {isa = PBXFileReference; lastKnownFileType = sourcecode.swift; path = xRoundedButton.swift; sourceTree = "<group>"; };
		D7EF59A1266CDDB900288BA4 /* Fonts+ex.swift */ = {isa = PBXFileReference; lastKnownFileType = sourcecode.swift; path = "Fonts+ex.swift"; sourceTree = "<group>"; };
/* End PBXFileReference section */

/* Begin PBXFrameworksBuildPhase section */
		D74821C32663E8C0008710DC /* Frameworks */ = {
			isa = PBXFrameworksBuildPhase;
			buildActionMask = 2147483647;
			files = (
				D7D0343E268A4FFE0042CD42 /* WebKit.framework in Frameworks */,
				D7D0343C268A4FFA0042CD42 /* UIKit.framework in Frameworks */,
				D7D0343A268A4FF60042CD42 /* SystemConfiguration.framework in Frameworks */,
				D7D03438268A4FF00042CD42 /* StoreKit.framework in Frameworks */,
				D7D03436268A4FEA0042CD42 /* SafariServices.framework in Frameworks */,
				D7D03434268A4FE40042CD42 /* libz.tbd in Frameworks */,
				D7D03432268A4FDD0042CD42 /* MessageUI.framework in Frameworks */,
				D7D03430268A4FD70042CD42 /* Foundation.framework in Frameworks */,
				D7D0342E268A4FD00042CD42 /* CoreTelephony.framework in Frameworks */,
				D7D0342C268A4FCB0042CD42 /* CoreMotion.framework in Frameworks */,
				D7D0342A268A4FC60042CD42 /* CoreMedia.framework in Frameworks */,
				D7D03428268A4FC10042CD42 /* CoreGraphics.framework in Frameworks */,
				D7D03426268A4FBA0042CD42 /* AVFoundation.framework in Frameworks */,
				D7D03424268A4FB50042CD42 /* AudioToolbox.framework in Frameworks */,
				D7D03422268A4FAF0042CD42 /* AppTrackingTransparency.framework in Frameworks */,
				D7D03420268A4FA20042CD42 /* AdSupport.framework in Frameworks */,
			);
			runOnlyForDeploymentPostprocessing = 0;
		};
/* End PBXFrameworksBuildPhase section */

/* Begin PBXGroup section */
		D70F810B2673470300EAB39A /* Frameworks */ = {
			isa = PBXGroup;
			children = (
				D7D0343D268A4FFE0042CD42 /* WebKit.framework */,
				D7D0343B268A4FFA0042CD42 /* UIKit.framework */,
				D7D03439268A4FF60042CD42 /* SystemConfiguration.framework */,
				D7D03437268A4FF00042CD42 /* StoreKit.framework */,
				D7D03435268A4FEA0042CD42 /* SafariServices.framework */,
				D7D03433268A4FE40042CD42 /* libz.tbd */,
				D7D03431268A4FDD0042CD42 /* MessageUI.framework */,
				D7D0342F268A4FD70042CD42 /* Foundation.framework */,
				D7D0342D268A4FD00042CD42 /* CoreTelephony.framework */,
				D7D0342B268A4FCB0042CD42 /* CoreMotion.framework */,
				D7D03429268A4FC60042CD42 /* CoreMedia.framework */,
				D7D03427268A4FC10042CD42 /* CoreGraphics.framework */,
				D7D03425268A4FBA0042CD42 /* AVFoundation.framework */,
				D7D03423268A4FB50042CD42 /* AudioToolbox.framework */,
				D7D03421268A4FAF0042CD42 /* AppTrackingTransparency.framework */,
				D7D0341F268A4FA20042CD42 /* AdSupport.framework */,
			);
			name = Frameworks;
			sourceTree = "<group>";
		};
		D74821BD2663E8C0008710DC = {
			isa = PBXGroup;
			children = (
				D74821C82663E8C0008710DC /* logostretch */,
				D74821C72663E8C0008710DC /* Products */,
				D70F810B2673470300EAB39A /* Frameworks */,
			);
			sourceTree = "<group>";
		};
		D74821C72663E8C0008710DC /* Products */ = {
			isa = PBXGroup;
			children = (
				D74821C62663E8C0008710DC /* logostretch.app */,
			);
			name = Products;
			sourceTree = "<group>";
		};
		D74821C82663E8C0008710DC /* logostretch */ = {
			isa = PBXGroup;
			children = (
				D74821C92663E8C0008710DC /* logostretchApp.swift */,
				D74821CB2663E8C0008710DC /* MainView.swift */,
				D77D715D2691BE06008BA8AD /* MainOO.swift */,
				D77B932526946559001D2945 /* MainDO.swift */,
				D77D716526924C17008BA8AD /* Views */,
				D77D715F2691C1F5008BA8AD /* Model */,
				D77D71622691E49E008BA8AD /* Custom */,
				D74821CD2663E8C1008710DC /* Assets.xcassets */,
				D74821D22663E8C1008710DC /* Info.plist */,
				D74821CF2663E8C1008710DC /* Preview Content */,
			);
			path = logostretch;
			sourceTree = "<group>";
		};
		D74821CF2663E8C1008710DC /* Preview Content */ = {
			isa = PBXGroup;
			children = (
				D74821D02663E8C1008710DC /* Preview Assets.xcassets */,
			);
			path = "Preview Content";
			sourceTree = "<group>";
		};
		D77D715F2691C1F5008BA8AD /* Model */ = {
			isa = PBXGroup;
			children = (
				D77B932D26950A42001D2945 /* LogoData.swift */,
				D784CF15269DCCA600621D18 /* StorageKeys.swift */,
				D784CF17269E104200621D18 /* Medal.swift */,
				D77B932A2694F8B7001D2945 /* logostretch.xcdatamodeld */,
			);
			path = Model;
			sourceTree = "<group>";
		};
		D77D71622691E49E008BA8AD /* Custom */ = {
			isa = PBXGroup;
			children = (
				D70F81302673DAA300EAB39A /* KeyboardAdaptive.swift */,
				D74821D826640C8D008710DC /* Color+ex.swift */,
				D774529A2664B6B9002FA097 /* xRoundedRect.swift */,
				D7EF599F266CC29400288BA4 /* xRoundedButton.swift */,
				D774529C2664B6D5002FA097 /* Modifiers.swift */,
				D7EF59A1266CDDB900288BA4 /* Fonts+ex.swift */,
			);
			path = Custom;
			sourceTree = "<group>";
		};
		D77D716526924C17008BA8AD /* Views */ = {
			isa = PBXGroup;
			children = (
				D77D716326924BCA008BA8AD /* ProgressView.swift */,
				D77D716626925357008BA8AD /* LogoView.swift */,
				D77D716826925871008BA8AD /* TextFieldGuesser.swift */,
				D75E801E2699E93A007DA045 /* MedalsView.swift */,
				D784CF19269E396F00621D18 /* testView.swift */,
			);
			path = Views;
			sourceTree = "<group>";
		};
/* End PBXGroup section */

/* Begin PBXNativeTarget section */
		D74821C52663E8C0008710DC /* logostretch */ = {
			isa = PBXNativeTarget;
			buildConfigurationList = D74821D52663E8C1008710DC /* Build configuration list for PBXNativeTarget "logostretch" */;
			buildPhases = (
				D74821C22663E8C0008710DC /* Sources */,
				D74821C32663E8C0008710DC /* Frameworks */,
				D74821C42663E8C0008710DC /* Resources */,
			);
			buildRules = (
			);
			dependencies = (
			);
			name = logostretch;
			packageProductDependencies = (
			);
			productName = logostretch;
			productReference = D74821C62663E8C0008710DC /* logostretch.app */;
			productType = "com.apple.product-type.application";
		};
/* End PBXNativeTarget section */

/* Begin PBXProject section */
		D74821BE2663E8C0008710DC /* Project object */ = {
			isa = PBXProject;
			attributes = {
				LastSwiftUpdateCheck = 1250;
				LastUpgradeCheck = 1250;
				TargetAttributes = {
					D74821C52663E8C0008710DC = {
						CreatedOnToolsVersion = 12.5;
					};
				};
			};
			buildConfigurationList = D74821C12663E8C0008710DC /* Build configuration list for PBXProject "logostretch" */;
			compatibilityVersion = "Xcode 9.3";
			developmentRegion = en;
			hasScannedForEncodings = 0;
			knownRegions = (
				en,
				Base,
			);
			mainGroup = D74821BD2663E8C0008710DC;
			packageReferences = (
			);
			productRefGroup = D74821C72663E8C0008710DC /* Products */;
			projectDirPath = "";
			projectRoot = "";
			targets = (
				D74821C52663E8C0008710DC /* logostretch */,
			);
		};
/* End PBXProject section */

/* Begin PBXResourcesBuildPhase section */
		D74821C42663E8C0008710DC /* Resources */ = {
			isa = PBXResourcesBuildPhase;
			buildActionMask = 2147483647;
			files = (
				D74821D12663E8C1008710DC /* Preview Assets.xcassets in Resources */,
				D74821CE2663E8C1008710DC /* Assets.xcassets in Resources */,
			);
			runOnlyForDeploymentPostprocessing = 0;
		};
/* End PBXResourcesBuildPhase section */

/* Begin PBXSourcesBuildPhase section */
		D74821C22663E8C0008710DC /* Sources */ = {
			isa = PBXSourcesBuildPhase;
			buildActionMask = 2147483647;
			files = (
				D70F81312673DAA300EAB39A /* KeyboardAdaptive.swift in Sources */,
				D774529B2664B6B9002FA097 /* xRoundedRect.swift in Sources */,
				D784CF18269E104200621D18 /* Medal.swift in Sources */,
				D74821CC2663E8C0008710DC /* MainView.swift in Sources */,
				D77B932E26950A42001D2945 /* LogoData.swift in Sources */,
				D77D716926925871008BA8AD /* TextFieldGuesser.swift in Sources */,
				D75E801F2699E93A007DA045 /* MedalsView.swift in Sources */,
				D77D716426924BCA008BA8AD /* ProgressView.swift in Sources */,
				D7EF59A0266CC29400288BA4 /* xRoundedButton.swift in Sources */,
				D74821CA2663E8C0008710DC /* logostretchApp.swift in Sources */,
				D77D715E2691BE06008BA8AD /* MainOO.swift in Sources */,
				D77B932626946559001D2945 /* MainDO.swift in Sources */,
				D74821D926640C8D008710DC /* Color+ex.swift in Sources */,
				D7EF59A2266CDDB900288BA4 /* Fonts+ex.swift in Sources */,
				D77D716726925357008BA8AD /* LogoView.swift in Sources */,
				D784CF1A269E396F00621D18 /* testView.swift in Sources */,
				D784CF16269DCCA600621D18 /* StorageKeys.swift in Sources */,
				D77B932C2694F8B7001D2945 /* logostretch.xcdatamodeld in Sources */,
				D774529D2664B6D5002FA097 /* Modifiers.swift in Sources */,
			);
			runOnlyForDeploymentPostprocessing = 0;
		};
/* End PBXSourcesBuildPhase section */

/* Begin XCBuildConfiguration section */
		D74821D32663E8C1008710DC /* Debug */ = {
			isa = XCBuildConfiguration;
			buildSettings = {
				ALWAYS_SEARCH_USER_PATHS = NO;
				CLANG_ANALYZER_NONNULL = YES;
				CLANG_ANALYZER_NUMBER_OBJECT_CONVERSION = YES_AGGRESSIVE;
				CLANG_CXX_LANGUAGE_STANDARD = "gnu++14";
				CLANG_CXX_LIBRARY = "libc++";
				CLANG_ENABLE_MODULES = YES;
				CLANG_ENABLE_OBJC_ARC = YES;
				CLANG_ENABLE_OBJC_WEAK = YES;
				CLANG_WARN_BLOCK_CAPTURE_AUTORELEASING = YES;
				CLANG_WARN_BOOL_CONVERSION = YES;
				CLANG_WARN_COMMA = YES;
				CLANG_WARN_CONSTANT_CONVERSION = YES;
				CLANG_WARN_DEPRECATED_OBJC_IMPLEMENTATIONS = YES;
				CLANG_WARN_DIRECT_OBJC_ISA_USAGE = YES_ERROR;
				CLANG_WARN_DOCUMENTATION_COMMENTS = YES;
				CLANG_WARN_EMPTY_BODY = YES;
				CLANG_WARN_ENUM_CONVERSION = YES;
				CLANG_WARN_INFINITE_RECURSION = YES;
				CLANG_WARN_INT_CONVERSION = YES;
				CLANG_WARN_NON_LITERAL_NULL_CONVERSION = YES;
				CLANG_WARN_OBJC_IMPLICIT_RETAIN_SELF = YES;
				CLANG_WARN_OBJC_LITERAL_CONVERSION = YES;
				CLANG_WARN_OBJC_ROOT_CLASS = YES_ERROR;
				CLANG_WARN_QUOTED_INCLUDE_IN_FRAMEWORK_HEADER = YES;
				CLANG_WARN_RANGE_LOOP_ANALYSIS = YES;
				CLANG_WARN_STRICT_PROTOTYPES = YES;
				CLANG_WARN_SUSPICIOUS_MOVE = YES;
				CLANG_WARN_UNGUARDED_AVAILABILITY = YES_AGGRESSIVE;
				CLANG_WARN_UNREACHABLE_CODE = YES;
				CLANG_WARN__DUPLICATE_METHOD_MATCH = YES;
				COPY_PHASE_STRIP = NO;
				DEBUG_INFORMATION_FORMAT = dwarf;
				ENABLE_STRICT_OBJC_MSGSEND = YES;
				ENABLE_TESTABILITY = YES;
				GCC_C_LANGUAGE_STANDARD = gnu11;
				GCC_DYNAMIC_NO_PIC = NO;
				GCC_NO_COMMON_BLOCKS = YES;
				GCC_OPTIMIZATION_LEVEL = 0;
				GCC_PREPROCESSOR_DEFINITIONS = (
					"DEBUG=1",
					"$(inherited)",
				);
				GCC_WARN_64_TO_32_BIT_CONVERSION = YES;
				GCC_WARN_ABOUT_RETURN_TYPE = YES_ERROR;
				GCC_WARN_UNDECLARED_SELECTOR = YES;
				GCC_WARN_UNINITIALIZED_AUTOS = YES_AGGRESSIVE;
				GCC_WARN_UNUSED_FUNCTION = YES;
				GCC_WARN_UNUSED_VARIABLE = YES;
				IPHONEOS_DEPLOYMENT_TARGET = 14.5;
				MTL_ENABLE_DEBUG_INFO = INCLUDE_SOURCE;
				MTL_FAST_MATH = YES;
				ONLY_ACTIVE_ARCH = YES;
				SDKROOT = iphoneos;
				SWIFT_ACTIVE_COMPILATION_CONDITIONS = DEBUG;
				SWIFT_OPTIMIZATION_LEVEL = "-Onone";
			};
			name = Debug;
		};
		D74821D42663E8C1008710DC /* Release */ = {
			isa = XCBuildConfiguration;
			buildSettings = {
				ALWAYS_SEARCH_USER_PATHS = NO;
				CLANG_ANALYZER_NONNULL = YES;
				CLANG_ANALYZER_NUMBER_OBJECT_CONVERSION = YES_AGGRESSIVE;
				CLANG_CXX_LANGUAGE_STANDARD = "gnu++14";
				CLANG_CXX_LIBRARY = "libc++";
				CLANG_ENABLE_MODULES = YES;
				CLANG_ENABLE_OBJC_ARC = YES;
				CLANG_ENABLE_OBJC_WEAK = YES;
				CLANG_WARN_BLOCK_CAPTURE_AUTORELEASING = YES;
				CLANG_WARN_BOOL_CONVERSION = YES;
				CLANG_WARN_COMMA = YES;
				CLANG_WARN_CONSTANT_CONVERSION = YES;
				CLANG_WARN_DEPRECATED_OBJC_IMPLEMENTATIONS = YES;
				CLANG_WARN_DIRECT_OBJC_ISA_USAGE = YES_ERROR;
				CLANG_WARN_DOCUMENTATION_COMMENTS = YES;
				CLANG_WARN_EMPTY_BODY = YES;
				CLANG_WARN_ENUM_CONVERSION = YES;
				CLANG_WARN_INFINITE_RECURSION = YES;
				CLANG_WARN_INT_CONVERSION = YES;
				CLANG_WARN_NON_LITERAL_NULL_CONVERSION = YES;
				CLANG_WARN_OBJC_IMPLICIT_RETAIN_SELF = YES;
				CLANG_WARN_OBJC_LITERAL_CONVERSION = YES;
				CLANG_WARN_OBJC_ROOT_CLASS = YES_ERROR;
				CLANG_WARN_QUOTED_INCLUDE_IN_FRAMEWORK_HEADER = YES;
				CLANG_WARN_RANGE_LOOP_ANALYSIS = YES;
				CLANG_WARN_STRICT_PROTOTYPES = YES;
				CLANG_WARN_SUSPICIOUS_MOVE = YES;
				CLANG_WARN_UNGUARDED_AVAILABILITY = YES_AGGRESSIVE;
				CLANG_WARN_UNREACHABLE_CODE = YES;
				CLANG_WARN__DUPLICATE_METHOD_MATCH = YES;
				COPY_PHASE_STRIP = NO;
				DEBUG_INFORMATION_FORMAT = "dwarf-with-dsym";
				ENABLE_NS_ASSERTIONS = NO;
				ENABLE_STRICT_OBJC_MSGSEND = YES;
				GCC_C_LANGUAGE_STANDARD = gnu11;
				GCC_NO_COMMON_BLOCKS = YES;
				GCC_WARN_64_TO_32_BIT_CONVERSION = YES;
				GCC_WARN_ABOUT_RETURN_TYPE = YES_ERROR;
				GCC_WARN_UNDECLARED_SELECTOR = YES;
				GCC_WARN_UNINITIALIZED_AUTOS = YES_AGGRESSIVE;
				GCC_WARN_UNUSED_FUNCTION = YES;
				GCC_WARN_UNUSED_VARIABLE = YES;
				IPHONEOS_DEPLOYMENT_TARGET = 14.5;
				MTL_ENABLE_DEBUG_INFO = NO;
				MTL_FAST_MATH = YES;
				SDKROOT = iphoneos;
				SWIFT_COMPILATION_MODE = wholemodule;
				SWIFT_OPTIMIZATION_LEVEL = "-O";
				VALIDATE_PRODUCT = YES;
			};
			name = Release;
		};
		D74821D62663E8C1008710DC /* Debug */ = {
			isa = XCBuildConfiguration;
			buildSettings = {
				ASSETCATALOG_COMPILER_APPICON_NAME = AppIcon;
				ASSETCATALOG_COMPILER_GLOBAL_ACCENT_COLOR_NAME = AccentColor;
				CODE_SIGN_STYLE = Automatic;
				DEVELOPMENT_ASSET_PATHS = "\"logostretch/Preview Content\"";
				DEVELOPMENT_TEAM = ZQCK5WLKEQ;
				ENABLE_PREVIEWS = YES;
				FRAMEWORK_SEARCH_PATHS = (
					"$(inherited)",
					"$(PROJECT_DIR)/logostretch/Preview\\ Content",
					"$(PROJECT_DIR)",
				);
				INFOPLIST_FILE = logostretch/Info.plist;
				IPHONEOS_DEPLOYMENT_TARGET = 14.5;
				LD_RUNPATH_SEARCH_PATHS = (
					"$(inherited)",
					"@executable_path/Frameworks",
				);
				MARKETING_VERSION = 0.1;
				OTHER_LDFLAGS = (
					"-ObjC",
					"-fobjc-arc",
				);
				PRODUCT_BUNDLE_IDENTIFIER = undeadpixel.logostretch;
				PRODUCT_NAME = "$(TARGET_NAME)";
				SWIFT_VERSION = 5.0;
				TARGETED_DEVICE_FAMILY = 1;
			};
			name = Debug;
		};
		D74821D72663E8C1008710DC /* Release */ = {
			isa = XCBuildConfiguration;
			buildSettings = {
				ASSETCATALOG_COMPILER_APPICON_NAME = AppIcon;
				ASSETCATALOG_COMPILER_GLOBAL_ACCENT_COLOR_NAME = AccentColor;
				CODE_SIGN_STYLE = Automatic;
				DEVELOPMENT_ASSET_PATHS = "\"logostretch/Preview Content\"";
				DEVELOPMENT_TEAM = ZQCK5WLKEQ;
				ENABLE_PREVIEWS = YES;
				FRAMEWORK_SEARCH_PATHS = (
					"$(inherited)",
					"$(PROJECT_DIR)/logostretch/Preview\\ Content",
					"$(PROJECT_DIR)",
				);
				INFOPLIST_FILE = logostretch/Info.plist;
				IPHONEOS_DEPLOYMENT_TARGET = 14.5;
				LD_RUNPATH_SEARCH_PATHS = (
					"$(inherited)",
					"@executable_path/Frameworks",
				);
				MARKETING_VERSION = 0.1;
				OTHER_LDFLAGS = (
					"-ObjC",
					"-fobjc-arc",
				);
				PRODUCT_BUNDLE_IDENTIFIER = undeadpixel.logostretch;
				PRODUCT_NAME = "$(TARGET_NAME)";
				SWIFT_VERSION = 5.0;
				TARGETED_DEVICE_FAMILY = 1;
			};
			name = Release;
		};
/* End XCBuildConfiguration section */

/* Begin XCConfigurationList section */
		D74821C12663E8C0008710DC /* Build configuration list for PBXProject "logostretch" */ = {
			isa = XCConfigurationList;
			buildConfigurations = (
				D74821D32663E8C1008710DC /* Debug */,
				D74821D42663E8C1008710DC /* Release */,
			);
			defaultConfigurationIsVisible = 0;
			defaultConfigurationName = Release;
		};
		D74821D52663E8C1008710DC /* Build configuration list for PBXNativeTarget "logostretch" */ = {
			isa = XCConfigurationList;
			buildConfigurations = (
				D74821D62663E8C1008710DC /* Debug */,
				D74821D72663E8C1008710DC /* Release */,
			);
			defaultConfigurationIsVisible = 0;
			defaultConfigurationName = Release;
		};
/* End XCConfigurationList section */

/* Begin XCVersionGroup section */
		D77B932A2694F8B7001D2945 /* logostretch.xcdatamodeld */ = {
			isa = XCVersionGroup;
			children = (
				D77B932B2694F8B7001D2945 /* logostretch.xcdatamodel */,
			);
			currentVersion = D77B932B2694F8B7001D2945 /* logostretch.xcdatamodel */;
			path = logostretch.xcdatamodeld;
			sourceTree = "<group>";
			versionGroupType = wrapper.xcdatamodel;
		};
/* End XCVersionGroup section */
	};
	rootObject = D74821BE2663E8C0008710DC /* Project object */;
}
